
Microsoft Visual Studio Solution File, Format Version 12.00
# Visual Studio Version 17
VisualStudioVersion = 17.14.36203.30 d17.14
MinimumVisualStudioVersion = 10.0.40219.1
Project("{FAE04EC0-301F-11D3-BF4B-00C04F79EFBC}") = "MiWord", "MiWord\MiWord.csproj", "{A749AD9D-13FA-4D75-A96D-E44A16CC1643}"
EndProject
Project("{FAE04EC0-301F-11D3-BF4B-00C04F79EFBC}") = "prueva", "prueva\prueva.csproj", "{BBEBBE9D-2CC3-4D07-B70E-1F22B389B656}"
EndProject
Global
	GlobalSection(SolutionConfigurationPlatforms) = preSolution
		Debug|Any CPU = Debug|Any CPU
		Release|Any CPU = Release|Any CPU
	EndGlobalSection
	GlobalSection(ProjectConfigurationPlatforms) = postSolution
		{A749AD9D-13FA-4D75-A96D-E44A16CC1643}.Debug|Any CPU.ActiveCfg = Debug|Any CPU
		{A749AD9D-13FA-4D75-A96D-E44A16CC1643}.Debug|Any CPU.Build.0 = Debug|Any CPU
		{A749AD9D-13FA-4D75-A96D-E44A16CC1643}.Release|Any CPU.ActiveCfg = Release|Any CPU
		{A749AD9D-13FA-4D75-A96D-E44A16CC1643}.Release|Any CPU.Build.0 = Release|Any CPU
		{BBEBBE9D-2CC3-4D07-B70E-1F22B389B656}.Debug|Any CPU.ActiveCfg = Debug|Any CPU
		{BBEBBE9D-2CC3-4D07-B70E-1F22B389B656}.Debug|Any CPU.Build.0 = Debug|Any CPU
		{BBEBBE9D-2CC3-4D07-B70E-1F22B389B656}.Release|Any CPU.ActiveCfg = Release|Any CPU
		{BBEBBE9D-2CC3-4D07-B70E-1F22B389B656}.Release|Any CPU.Build.0 = Release|Any CPU
	EndGlobalSection
	GlobalSection(SolutionProperties) = preSolution
		HideSolutionNode = FALSE
	EndGlobalSection
	GlobalSection(ExtensibilityGlobals) = postSolution
		SolutionGuid = {958AB05F-82F5-4844-874F-FA3E38707185}
	EndGlobalSection
EndGlobal
